Microsoft Visual Studio Solution File, Format Version 12.00
# Visual Studio Version 17
VisualStudioVersion = 17.5.2.0
MinimumVisualStudioVersion = 10.0.40219.1
Project("{FAE04EC0-301F-11D3-BF4B-00C04F79EFBC}") = "VetClinic.Web", "VetClinic.Web\VetClinic.Web.csproj", "{F78FCD8F-AA51-0022-79FF-088C54BDC03A}"
EndProject
Project("{FAE04EC0-301F-11D3-BF4B-00C04F79EFBC}") = "VetClinic.Repository", "VetClinic.Repository\VetClinic.Repository.csproj", "{605EFDEB-A10D-488D-B832-FC7F36370F1F}"
EndProject
Project("{FAE04EC0-301F-11D3-BF4B-00C04F79EFBC}") = "VetClinic.Service", "VetClinic.Service\VetClinic.Service.csproj", "{D1B8EB68-B30E-46FB-9019-40A5320A70E0}"
EndProject
Global
	GlobalSection(SolutionConfigurationPlatforms) = preSolution
		Debug|Any CPU = Debug|Any CPU
		Release|Any CPU = Release|Any CPU
	EndGlobalSection
	GlobalSection(ProjectConfigurationPlatforms) = postSolution
		{F78FCD8F-AA51-0022-79FF-088C54BDC03A}.Debug|Any CPU.ActiveCfg = Debug|Any CPU
		{F78FCD8F-AA51-0022-79FF-088C54BDC03A}.Debug|Any CPU.Build.0 = Debug|Any CPU
		{F78FCD8F-AA51-0022-79FF-088C54BDC03A}.Release|Any CPU.ActiveCfg = Release|Any CPU
		{F78FCD8F-AA51-0022-79FF-088C54BDC03A}.Release|Any CPU.Build.0 = Release|Any CPU
		{605EFDEB-A10D-488D-B832-FC7F36370F1F}.Debug|Any CPU.ActiveCfg = Debug|Any CPU
		{605EFDEB-A10D-488D-B832-FC7F36370F1F}.Debug|Any CPU.Build.0 = Debug|Any CPU
		{605EFDEB-A10D-488D-B832-FC7F36370F1F}.Release|Any CPU.ActiveCfg = Release|Any CPU
		{605EFDEB-A10D-488D-B832-FC7F36370F1F}.Release|Any CPU.Build.0 = Release|Any CPU
		{D1B8EB68-B30E-46FB-9019-40A5320A70E0}.Debug|Any CPU.ActiveCfg = Debug|Any CPU
		{D1B8EB68-B30E-46FB-9019-40A5320A70E0}.Debug|Any CPU.Build.0 = Debug|Any CPU
		{D1B8EB68-B30E-46FB-9019-40A5320A70E0}.Release|Any CPU.ActiveCfg = Release|Any CPU
		{D1B8EB68-B30E-46FB-9019-40A5320A70E0}.Release|Any CPU.Build.0 = Release|Any CPU
	EndGlobalSection
	GlobalSection(SolutionProperties) = preSolution
		HideSolutionNode = FALSE
	EndGlobalSection
	GlobalSection(ExtensibilityGlobals) = postSolution
		SolutionGuid = {658020AD-F45A-46FA-A592-B535F84F20CD}
	EndGlobalSection
EndGlobal
